// !$*UTF8*$!
{
	archiveVersion = 1;
	classes = {
	};
	objectVersion = 50;
	objects = {

/* Begin PBXBuildFile section */
		2569CDCA22B1D1DB00D64AFD /* AppDelegate.swift in Sources */ = {isa = PBXBuildFile; fileRef = 2569CDC922B1D1DB00D64AFD /* AppDelegate.swift */; };
		2569CDCC22B1D1DB00D64AFD /* SceneDelegate.swift in Sources */ = {isa = PBXBuildFile; fileRef = 2569CDCB22B1D1DB00D64AFD /* SceneDelegate.swift */; };
		2569CDCE22B1D1DB00D64AFD /* ContentView.swift in Sources */ = {isa = PBXBuildFile; fileRef = 2569CDCD22B1D1DB00D64AFD /* ContentView.swift */; };
		2569CDD022B1D1DC00D64AFD /* Assets.xcassets in Resources */ = {isa = PBXBuildFile; fileRef = 2569CDCF22B1D1DC00D64AFD /* Assets.xcassets */; };
		2569CDD322B1D1DC00D64AFD /* Preview Assets.xcassets in Resources */ = {isa = PBXBuildFile; fileRef = 2569CDD222B1D1DC00D64AFD /* Preview Assets.xcassets */; };
		2569CDD622B1D1DC00D64AFD /* LaunchScreen.storyboard in Resources */ = {isa = PBXBuildFile; fileRef = 2569CDD422B1D1DC00D64AFD /* LaunchScreen.storyboard */; };
/* End PBXBuildFile section */

/* Begin PBXFileReference section */
		2569CDC622B1D1DB00D64AFD /* FetchJSONandImagesSwiftUI.app */ = {isa = PBXFileReference; explicitFileType = wrapper.application; includeInIndex = 0; path = FetchJSONandImagesSwiftUI.app; sourceTree = BUILT_PRODUCTS_DIR; };
		2569CDC922B1D1DB00D64AFD /* AppDelegate.swift */ = {isa = PBXFileReference; lastKnownFileType = sourcecode.swift; path = AppDelegate.swift; sourceTree = "<group>"; };
		2569CDCB22B1D1DB00D64AFD /* SceneDelegate.swift */ = {isa = PBXFileReference; lastKnownFileType = sourcecode.swift; path = SceneDelegate.swift; sourceTree = "<group>"; };
		2569CDCD22B1D1DB00D64AFD /* ContentView.swift */ = {isa = PBXFileReference; lastKnownFileType = sourcecode.swift; path = ContentView.swift; sourceTree = "<group>"; };
		2569CDCF22B1D1DC00D64AFD /* Assets.xcassets */ = {isa = PBXFileReference; lastKnownFileType = folder.assetcatalog; path = Assets.xcassets; sourceTree = "<group>"; };
		2569CDD222B1D1DC00D64AFD /* Preview Assets.xcassets */ = {isa = PBXFileReference; lastKnownFileType = folder.assetcatalog; path = "Preview Assets.xcassets"; sourceTree = "<group>"; };
		2569CDD522B1D1DC00D64AFD /* Base */ = {isa = PBXFileReference; lastKnownFileType = file.storyboard; name = Base; path = Base.lproj/LaunchScreen.storyboard; sourceTree = "<group>"; };
		2569CDD722B1D1DC00D64AFD /* Info.plist */ = {isa = PBXFileReference; lastKnownFileType = text.plist.xml; path = Info.plist; sourceTree = "<group>"; };
/* End PBXFileReference section */

/* Begin PBXFrameworksBuildPhase section */
		2569CDC322B1D1DB00D64AFD /* Frameworks */ = {
			isa = PBXFrameworksBuildPhase;
			buildActionMask = 2147483647;
			files = (
			);
			runOnlyForDeploymentPostprocessing = 0;
		};
/* End PBXFrameworksBuildPhase section */

/* Begin PBXGroup section */
		2569CDBD22B1D1DB00D64AFD = {
			isa = PBXGroup;
			children = (
				2569CDC822B1D1DB00D64AFD /* FetchJSONandImagesSwiftUI */,
				2569CDC722B1D1DB00D64AFD /* Products */,
			);
			sourceTree = "<group>";
		};
		2569CDC722B1D1DB00D64AFD /* Products */ = {
			isa = PBXGroup;
			children = (
				2569CDC622B1D1DB00D64AFD /* FetchJSONandImagesSwiftUI.app */,
			);
			name = Products;
			sourceTree = "<group>";
		};
		2569CDC822B1D1DB00D64AFD /* FetchJSONandImagesSwiftUI */ = {
			isa = PBXGroup;
			children = (
				2569CDC922B1D1DB00D64AFD /* AppDelegate.swift */,
				2569CDCB22B1D1DB00D64AFD /* SceneDelegate.swift */,
				2569CDCD22B1D1DB00D64AFD /* ContentView.swift */,
				2569CDCF22B1D1DC00D64AFD /* Assets.xcassets */,
				2569CDD422B1D1DC00D64AFD /* LaunchScreen.storyboard */,
				2569CDD722B1D1DC00D64AFD /* Info.plist */,
				2569CDD122B1D1DC00D64AFD /* Preview Content */,
			);
			path = FetchJSONandImagesSwiftUI;
			sourceTree = "<group>";
		};
		2569CDD122B1D1DC00D64AFD /* Preview Content */ = {
			isa = PBXGroup;
			children = (
				2569CDD222B1D1DC00D64AFD /* Preview Assets.xcassets */,
			);
			path = "Preview Content";
			sourceTree = "<group>";
		};
/* End PBXGroup section */

/* Begin PBXNativeTarget section */
		2569CDC522B1D1DB00D64AFD /* FetchJSONandImagesSwiftUI */ = {
			isa = PBXNativeTarget;
			buildConfigurationList = 2569CDDA22B1D1DC00D64AFD /* Build configuration list for PBXNativeTarget "FetchJSONandImagesSwiftUI" */;
			buildPhases = (
				2569CDC222B1D1DB00D64AFD /* Sources */,
				2569CDC322B1D1DB00D64AFD /* Frameworks */,
				2569CDC422B1D1DB00D64AFD /* Resources */,
			);
			buildRules = (
			);
			dependencies = (
			);
			name = FetchJSONandImagesSwiftUI;
			productName = FetchJSONandImagesSwiftUI;
			productReference = 2569CDC622B1D1DB00D64AFD /* FetchJSONandImagesSwiftUI.app */;
			productType = "com.apple.product-type.application";
		};
/* End PBXNativeTarget section */

/* Begin PBXProject section */
		2569CDBE22B1D1DB00D64AFD /* Project object */ = {
			isa = PBXProject;
			attributes = {
				LastSwiftUpdateCheck = 1100;
				LastUpgradeCheck = 1100;
				ORGANIZATIONNAME = "Tulio Marcos Franca";
				TargetAttributes = {
					2569CDC522B1D1DB00D64AFD = {
						CreatedOnToolsVersion = 11.0;
					};
				};
			};
			buildConfigurationList = 2569CDC122B1D1DB00D64AFD /* Build configuration list for PBXProject "FetchJSONandImagesSwiftUI" */;
			compatibilityVersion = "Xcode 9.3";
			developmentRegion = en;
			hasScannedForEncodings = 0;
			knownRegions = (
				en,
				Base,
			);
			mainGroup = 2569CDBD22B1D1DB00D64AFD;
			productRefGroup = 2569CDC722B1D1DB00D64AFD /* Products */;
			projectDirPath = "";
			projectRoot = "";
			targets = (
				2569CDC522B1D1DB00D64AFD /* FetchJSONandImagesSwiftUI */,
			);
		};
/* End PBXProject section */

/* Begin PBXResourcesBuildPhase section */
		2569CDC422B1D1DB00D64AFD /* Resources */ = {
			isa = PBXResourcesBuildPhase;
			buildActionMask = 2147483647;
			files = (
				2569CDD622B1D1DC00D64AFD /* LaunchScreen.storyboard in Resources */,
				2569CDD322B1D1DC00D64AFD /* Preview Assets.xcassets in Resources */,
				2569CDD022B1D1DC00D64AFD /* Assets.xcassets in Resources */,
			);
			runOnlyForDeploymentPostprocessing = 0;
		};
/* End PBXResourcesBuildPhase section */

/* Begin PBXSourcesBuildPhase section */
		2569CDC222B1D1DB00D64AFD /* Sources */ = {
			isa = PBXSourcesBuildPhase;
			buildActionMask = 2147483647;
			files = (
				2569CDCA22B1D1DB00D64AFD /* AppDelegate.swift in Sources */,
				2569CDCC22B1D1DB00D64AFD /* SceneDelegate.swift in Sources */,
				2569CDCE22B1D1DB00D64AFD /* ContentView.swift in Sources */,
			);
			runOnlyForDeploymentPostprocessing = 0;
		};
/* End PBXSourcesBuildPhase section */

/* Begin PBXVariantGroup section */
		2569CDD422B1D1DC00D64AFD /* LaunchScreen.storyboard */ = {
			isa = PBXVariantGroup;
			children = (
				2569CDD522B1D1DC00D64AFD /* Base */,
			);
			name = LaunchScreen.storyboard;
			sourceTree = "<group>";
		};
/* End PBXVariantGroup section */

/* Begin XCBuildConfiguration section */
		2569CDD822B1D1DC00D64AFD /* Debug */ = {
			isa = XCBuildConfiguration;
			buildSettings = {
				ALWAYS_SEARCH_USER_PATHS = NO;
				CLANG_ANALYZER_NONNULL = YES;
				CLANG_ANALYZER_NUMBER_OBJECT_CONVERSION = YES_AGGRESSIVE;
				CLANG_CXX_LANGUAGE_STANDARD = "gnu++14";
				CLANG_CXX_LIBRARY = "libc++";
				CLANG_ENABLE_MODULES = YES;
				CLANG_ENABLE_OBJC_ARC = YES;
				CLANG_ENABLE_OBJC_WEAK = YES;
				CLANG_WARN_BLOCK_CAPTURE_AUTORELEASING = YES;
				CLANG_WARN_BOOL_CONVERSION = YES;
				CLANG_WARN_COMMA = YES;
				CLANG_WARN_CONSTANT_CONVERSION = YES;
				CLANG_WARN_DEPRECATED_OBJC_IMPLEMENTATIONS = YES;
				CLANG_WARN_DIRECT_OBJC_ISA_USAGE = YES_ERROR;
				CLANG_WARN_DOCUMENTATION_COMMENTS = YES;
				CLANG_WARN_EMPTY_BODY = YES;
				CLANG_WARN_ENUM_CONVERSION = YES;
				CLANG_WARN_INFINITE_RECURSION = YES;
				CLANG_WARN_INT_CONVERSION = YES;
				CLANG_WARN_NON_LITERAL_NULL_CONVERSION = YES;
				CLANG_WARN_OBJC_IMPLICIT_RETAIN_SELF = YES;
				CLANG_WARN_OBJC_LITERAL_CONVERSION = YES;
				CLANG_WARN_OBJC_ROOT_CLASS = YES_ERROR;
				CLANG_WARN_RANGE_LOOP_ANALYSIS = YES;
				CLANG_WARN_STRICT_PROTOTYPES = YES;
				CLANG_WARN_SUSPICIOUS_MOVE = YES;
				CLANG_WARN_UNGUARDED_AVAILABILITY = YES_AGGRESSIVE;
				CLANG_WARN_UNREACHABLE_CODE = YES;
				CLANG_WARN__DUPLICATE_METHOD_MATCH = YES;
				COPY_PHASE_STRIP = NO;
				DEBUG_INFORMATION_FORMAT = dwarf;
				ENABLE_STRICT_OBJC_MSGSEND = YES;
				ENABLE_TESTABILITY = YES;
				GCC_C_LANGUAGE_STANDARD = gnu11;
				GCC_DYNAMIC_NO_PIC = NO;
				GCC_NO_COMMON_BLOCKS = YES;
				GCC_OPTIMIZATION_LEVEL = 0;
				GCC_PREPROCESSOR_DEFINITIONS = (
					"DEBUG=1",
					"$(inherited)",
				);
				GCC_WARN_64_TO_32_BIT_CONVERSION = YES;
				GCC_WARN_ABOUT_RETURN_TYPE = YES_ERROR;
				GCC_WARN_UNDECLARED_SELECTOR = YES;
				GCC_WARN_UNINITIALIZED_AUTOS = YES_AGGRESSIVE;
				GCC_WARN_UNUSED_FUNCTION = YES;
				GCC_WARN_UNUSED_VARIABLE = YES;
				IPHONEOS_DEPLOYMENT_TARGET = 13.0;
				MTL_ENABLE_DEBUG_INFO = INCLUDE_SOURCE;
				MTL_FAST_MATH = YES;
				ONLY_ACTIVE_ARCH = YES;
				SDKROOT = iphoneos;
				SWIFT_ACTIVE_COMPILATION_CONDITIONS = DEBUG;
				SWIFT_OPTIMIZATION_LEVEL = "-Onone";
			};
			name = Debug;
		};
		2569CDD922B1D1DC00D64AFD /* Release */ = {
			isa = XCBuildConfiguration;
			buildSettings = {
				ALWAYS_SEARCH_USER_PATHS = NO;
				CLANG_ANALYZER_NONNULL = YES;
				CLANG_ANALYZER_NUMBER_OBJECT_CONVERSION = YES_AGGRESSIVE;
				CLANG_CXX_LANGUAGE_STANDARD = "gnu++14";
				CLANG_CXX_LIBRARY = "libc++";
				CLANG_ENABLE_MODULES = YES;
				CLANG_ENABLE_OBJC_ARC = YES;
				CLANG_ENABLE_OBJC_WEAK = YES;
				CLANG_WARN_BLOCK_CAPTURE_AUTORELEASING = YES;
				CLANG_WARN_BOOL_CONVERSION = YES;
				CLANG_WARN_COMMA = YES;
				CLANG_WARN_CONSTANT_CONVERSION = YES;
				CLANG_WARN_DEPRECATED_OBJC_IMPLEMENTATIONS = YES;
				CLANG_WARN_DIRECT_OBJC_ISA_USAGE = YES_ERROR;
				CLANG_WARN_DOCUMENTATION_COMMENTS = YES;
				CLANG_WARN_EMPTY_BODY = YES;
				CLANG_WARN_ENUM_CONVERSION = YES;
				CLANG_WARN_INFINITE_RECURSION = YES;
				CLANG_WARN_INT_CONVERSION = YES;
				CLANG_WARN_NON_LITERAL_NULL_CONVERSION = YES;
				CLANG_WARN_OBJC_IMPLICIT_RETAIN_SELF = YES;
				CLANG_WARN_OBJC_LITERAL_CONVERSION = YES;
				CLANG_WARN_OBJC_ROOT_CLASS = YES_ERROR;
				CLANG_WARN_RANGE_LOOP_ANALYSIS = YES;
				CLANG_WARN_STRICT_PROTOTYPES = YES;
				CLANG_WARN_SUSPICIOUS_MOVE = YES;
				CLANG_WARN_UNGUARDED_AVAILABILITY = YES_AGGRESSIVE;
				CLANG_WARN_UNREACHABLE_CODE = YES;
				CLANG_WARN__DUPLICATE_METHOD_MATCH = YES;
				COPY_PHASE_STRIP = NO;
				DEBUG_INFORMATION_FORMAT = "dwarf-with-dsym";
				ENABLE_NS_ASSERTIONS = NO;
				ENABLE_STRICT_OBJC_MSGSEND = YES;
				GCC_C_LANGUAGE_STANDARD = gnu11;
				GCC_NO_COMMON_BLOCKS = YES;
				GCC_WARN_64_TO_32_BIT_CONVERSION = YES;
				GCC_WARN_ABOUT_RETURN_TYPE = YES_ERROR;
				GCC_WARN_UNDECLARED_SELECTOR = YES;
				GCC_WARN_UNINITIALIZED_AUTOS = YES_AGGRESSIVE;
				GCC_WARN_UNUSED_FUNCTION = YES;
				GCC_WARN_UNUSED_VARIABLE = YES;
				IPHONEOS_DEPLOYMENT_TARGET = 13.0;
				MTL_ENABLE_DEBUG_INFO = NO;
				MTL_FAST_MATH = YES;
				SDKROOT = iphoneos;
				SWIFT_COMPILATION_MODE = wholemodule;
				SWIFT_OPTIMIZATION_LEVEL = "-O";
				VALIDATE_PRODUCT = YES;
			};
			name = Release;
		};
		2569CDDB22B1D1DC00D64AFD /* Debug */ = {
			isa = XCBuildConfiguration;
			buildSettings = {
				ASSETCATALOG_COMPILER_APPICON_NAME = AppIcon;
				CODE_SIGN_STYLE = Automatic;
				DEVELOPMENT_ASSET_PATHS = "FetchJSONandImagesSwiftUI/Preview\\ Content";
				DEVELOPMENT_TEAM = 5A3AF876N5;
				ENABLE_PREVIEWS = YES;
				INFOPLIST_FILE = FetchJSONandImagesSwiftUI/Info.plist;
				LD_RUNPATH_SEARCH_PATHS = (
					"$(inherited)",
					"@executable_path/Frameworks",
				);
				PRODUCT_BUNDLE_IDENTIFIER = com.justademo.FetchJSONandImagesSwiftUI;
				PRODUCT_NAME = "$(TARGET_NAME)";
				SWIFT_VERSION = 5.0;
				TARGETED_DEVICE_FAMILY = "1,2";
			};
			name = Debug;
		};
		2569CDDC22B1D1DC00D64AFD /* Release */ = {
			isa = XCBuildConfiguration;
			buildSettings = {
				ASSETCATALOG_COMPILER_APPICON_NAME = AppIcon;
				CODE_SIGN_STYLE = Automatic;
				DEVELOPMENT_ASSET_PATHS = "FetchJSONandImagesSwiftUI/Preview\\ Content";
				DEVELOPMENT_TEAM = 5A3AF876N5;
				ENABLE_PREVIEWS = YES;
				INFOPLIST_FILE = FetchJSONandImagesSwiftUI/Info.plist;
				LD_RUNPATH_SEARCH_PATHS = (
					"$(inherited)",
					"@executable_path/Frameworks",
				);
				PRODUCT_BUNDLE_IDENTIFIER = com.justademo.FetchJSONandImagesSwiftUI;
				PRODUCT_NAME = "$(TARGET_NAME)";
				SWIFT_VERSION = 5.0;
				TARGETED_DEVICE_FAMILY = "1,2";
			};
			name = Release;
		};
/* End XCBuildConfiguration section */

/* Begin XCConfigurationList section */
		2569CDC122B1D1DB00D64AFD /* Build configuration list for PBXProject "FetchJSONandImagesSwiftUI" */ = {
			isa = XCConfigurationList;
			buildConfigurations = (
				2569CDD822B1D1DC00D64AFD /* Debug */,
				2569CDD922B1D1DC00D64AFD /* Release */,
			);
			defaultConfigurationIsVisible = 0;
			defaultConfigurationName = Release;
		};
		2569CDDA22B1D1DC00D64AFD /* Build configuration list for PBXNativeTarget "FetchJSONandImagesSwiftUI" */ = {
			isa = XCConfigurationList;
			buildConfigurations = (
				2569CDDB22B1D1DC00D64AFD /* Debug */,
				2569CDDC22B1D1DC00D64AFD /* Release */,
			);
			defaultConfigurationIsVisible = 0;
			defaultConfigurationName = Release;
		};
/* End XCConfigurationList section */
	};
	rootObject = 2569CDBE22B1D1DB00D64AFD /* Project object */;
}
